
Microsoft Visual Studio Solution File, Format Version 12.00
# Visual Studio Version 16
VisualStudioVersion = 16.0.30621.155
MinimumVisualStudioVersion = 10.0.40219.1
Project("{FAE04EC0-301F-11D3-BF4B-00C04F79EFBC}") = "Server", "Server\Server.csproj", "{913A15FB-1A3F-4B90-87B8-F818F8105B49}"
EndProject
Project("{FAE04EC0-301F-11D3-BF4B-00C04F79EFBC}") = "Data", "Data\Data.csproj", "{D7F4ECF2-8043-456E-90F4-E4B9D92B7B69}"
EndProject
Project("{FAE04EC0-301F-11D3-BF4B-00C04F79EFBC}") = "TCPChat", "TCPChat\TCPChat.csproj", "{07ABCA0E-E5D3-4CEB-8AA2-FD61F826C6E2}"
EndProject
Project("{FAE04EC0-301F-11D3-BF4B-00C04F79EFBC}") = "GOST_34_12_2015", "GOST_34_12_2015\GOST_34_12_2015.csproj", "{75B245F9-E504-414D-9D98-14CCE85DA77C}"
EndProject
Global
	GlobalSection(SolutionConfigurationPlatforms) = preSolution
		123|Any CPU = 123|Any CPU
		123|x64 = 123|x64
		123|x86 = 123|x86
		Debug|Any CPU = Debug|Any CPU
		Debug|x64 = Debug|x64
		Debug|x86 = Debug|x86
		Release|Any CPU = Release|Any CPU
		Release|x64 = Release|x64
		Release|x86 = Release|x86
	EndGlobalSection
	GlobalSection(ProjectConfigurationPlatforms) = postSolution
		{913A15FB-1A3F-4B90-87B8-F818F8105B49}.123|Any CPU.ActiveCfg = Release|Any CPU
		{913A15FB-1A3F-4B90-87B8-F818F8105B49}.123|Any CPU.Build.0 = Release|Any CPU
		{913A15FB-1A3F-4B90-87B8-F818F8105B49}.123|x64.ActiveCfg = Release|Any CPU
		{913A15FB-1A3F-4B90-87B8-F818F8105B49}.123|x64.Build.0 = Release|Any CPU
		{913A15FB-1A3F-4B90-87B8-F818F8105B49}.123|x86.ActiveCfg = Release|Any CPU
		{913A15FB-1A3F-4B90-87B8-F818F8105B49}.123|x86.Build.0 = Release|Any CPU
		{913A15FB-1A3F-4B90-87B8-F818F8105B49}.Debug|Any CPU.ActiveCfg = Debug|Any CPU
		{913A15FB-1A3F-4B90-87B8-F818F8105B49}.Debug|Any CPU.Build.0 = Debug|Any CPU
		{913A15FB-1A3F-4B90-87B8-F818F8105B49}.Debug|x64.ActiveCfg = Debug|Any CPU
		{913A15FB-1A3F-4B90-87B8-F818F8105B49}.Debug|x64.Build.0 = Debug|Any CPU
		{913A15FB-1A3F-4B90-87B8-F818F8105B49}.Debug|x86.ActiveCfg = Debug|Any CPU
		{913A15FB-1A3F-4B90-87B8-F818F8105B49}.Debug|x86.Build.0 = Debug|Any CPU
		{913A15FB-1A3F-4B90-87B8-F818F8105B49}.Release|Any CPU.ActiveCfg = Release|Any CPU
		{913A15FB-1A3F-4B90-87B8-F818F8105B49}.Release|Any CPU.Build.0 = Release|Any CPU
		{913A15FB-1A3F-4B90-87B8-F818F8105B49}.Release|x64.ActiveCfg = Release|Any CPU
		{913A15FB-1A3F-4B90-87B8-F818F8105B49}.Release|x64.Build.0 = Release|Any CPU
		{913A15FB-1A3F-4B90-87B8-F818F8105B49}.Release|x86.ActiveCfg = Release|Any CPU
		{913A15FB-1A3F-4B90-87B8-F818F8105B49}.Release|x86.Build.0 = Release|Any CPU
		{D7F4ECF2-8043-456E-90F4-E4B9D92B7B69}.123|Any CPU.ActiveCfg = Release|Any CPU
		{D7F4ECF2-8043-456E-90F4-E4B9D92B7B69}.123|Any CPU.Build.0 = Release|Any CPU
		{D7F4ECF2-8043-456E-90F4-E4B9D92B7B69}.123|x64.ActiveCfg = 123|Any CPU
		{D7F4ECF2-8043-456E-90F4-E4B9D92B7B69}.123|x64.Build.0 = 123|Any CPU
		{D7F4ECF2-8043-456E-90F4-E4B9D92B7B69}.123|x86.ActiveCfg = 123|Any CPU
		{D7F4ECF2-8043-456E-90F4-E4B9D92B7B69}.123|x86.Build.0 = 123|Any CPU
		{D7F4ECF2-8043-456E-90F4-E4B9D92B7B69}.Debug|Any CPU.ActiveCfg = Debug|Any CPU
		{D7F4ECF2-8043-456E-90F4-E4B9D92B7B69}.Debug|Any CPU.Build.0 = Debug|Any CPU
		{D7F4ECF2-8043-456E-90F4-E4B9D92B7B69}.Debug|x64.ActiveCfg = Debug|Any CPU
		{D7F4ECF2-8043-456E-90F4-E4B9D92B7B69}.Debug|x64.Build.0 = Debug|Any CPU
		{D7F4ECF2-8043-456E-90F4-E4B9D92B7B69}.Debug|x86.ActiveCfg = Debug|Any CPU
		{D7F4ECF2-8043-456E-90F4-E4B9D92B7B69}.Debug|x86.Build.0 = Debug|Any CPU
		{D7F4ECF2-8043-456E-90F4-E4B9D92B7B69}.Release|Any CPU.ActiveCfg = Release|Any CPU
		{D7F4ECF2-8043-456E-90F4-E4B9D92B7B69}.Release|Any CPU.Build.0 = Release|Any CPU
		{D7F4ECF2-8043-456E-90F4-E4B9D92B7B69}.Release|x64.ActiveCfg = Release|Any CPU
		{D7F4ECF2-8043-456E-90F4-E4B9D92B7B69}.Release|x64.Build.0 = Release|Any CPU
		{D7F4ECF2-8043-456E-90F4-E4B9D92B7B69}.Release|x86.ActiveCfg = Release|Any CPU
		{D7F4ECF2-8043-456E-90F4-E4B9D92B7B69}.Release|x86.Build.0 = Release|Any CPU
		{07ABCA0E-E5D3-4CEB-8AA2-FD61F826C6E2}.123|Any CPU.ActiveCfg = Release|Any CPU
		{07ABCA0E-E5D3-4CEB-8AA2-FD61F826C6E2}.123|Any CPU.Build.0 = Release|Any CPU
		{07ABCA0E-E5D3-4CEB-8AA2-FD61F826C6E2}.123|x64.ActiveCfg = Release|Any CPU
		{07ABCA0E-E5D3-4CEB-8AA2-FD61F826C6E2}.123|x64.Build.0 = Release|Any CPU
		{07ABCA0E-E5D3-4CEB-8AA2-FD61F826C6E2}.123|x86.ActiveCfg = Release|Any CPU
		{07ABCA0E-E5D3-4CEB-8AA2-FD61F826C6E2}.123|x86.Build.0 = Release|Any CPU
		{07ABCA0E-E5D3-4CEB-8AA2-FD61F826C6E2}.Debug|Any CPU.ActiveCfg = Debug|Any CPU
		{07ABCA0E-E5D3-4CEB-8AA2-FD61F826C6E2}.Debug|Any CPU.Build.0 = Debug|Any CPU
		{07ABCA0E-E5D3-4CEB-8AA2-FD61F826C6E2}.Debug|x64.ActiveCfg = Debug|Any CPU
		{07ABCA0E-E5D3-4CEB-8AA2-FD61F826C6E2}.Debug|x64.Build.0 = Debug|Any CPU
		{07ABCA0E-E5D3-4CEB-8AA2-FD61F826C6E2}.Debug|x86.ActiveCfg = Debug|Any CPU
		{07ABCA0E-E5D3-4CEB-8AA2-FD61F826C6E2}.Debug|x86.Build.0 = Debug|Any CPU
		{07ABCA0E-E5D3-4CEB-8AA2-FD61F826C6E2}.Release|Any CPU.ActiveCfg = Release|Any CPU
		{07ABCA0E-E5D3-4CEB-8AA2-FD61F826C6E2}.Release|Any CPU.Build.0 = Release|Any CPU
		{07ABCA0E-E5D3-4CEB-8AA2-FD61F826C6E2}.Release|x64.ActiveCfg = Release|Any CPU
		{07ABCA0E-E5D3-4CEB-8AA2-FD61F826C6E2}.Release|x64.Build.0 = Release|Any CPU
		{07ABCA0E-E5D3-4CEB-8AA2-FD61F826C6E2}.Release|x86.ActiveCfg = Release|Any CPU
		{07ABCA0E-E5D3-4CEB-8AA2-FD61F826C6E2}.Release|x86.Build.0 = Release|Any CPU
		{75B245F9-E504-414D-9D98-14CCE85DA77C}.123|Any CPU.ActiveCfg = Release|Any CPU
		{75B245F9-E504-414D-9D98-14CCE85DA77C}.123|Any CPU.Build.0 = Release|Any CPU
		{75B245F9-E504-414D-9D98-14CCE85DA77C}.123|x64.ActiveCfg = Release|Any CPU
		{75B245F9-E504-414D-9D98-14CCE85DA77C}.123|x64.Build.0 = Release|Any CPU
		{75B245F9-E504-414D-9D98-14CCE85DA77C}.123|x86.ActiveCfg = Release|Any CPU
		{75B245F9-E504-414D-9D98-14CCE85DA77C}.123|x86.Build.0 = Release|Any CPU
		{75B245F9-E504-414D-9D98-14CCE85DA77C}.Debug|Any CPU.ActiveCfg = Debug|Any CPU
		{75B245F9-E504-414D-9D98-14CCE85DA77C}.Debug|Any CPU.Build.0 = Debug|Any CPU
		{75B245F9-E504-414D-9D98-14CCE85DA77C}.Debug|x64.ActiveCfg = Debug|Any CPU
		{75B245F9-E504-414D-9D98-14CCE85DA77C}.Debug|x64.Build.0 = Debug|Any CPU
		{75B245F9-E504-414D-9D98-14CCE85DA77C}.Debug|x86.ActiveCfg = Debug|Any CPU
		{75B245F9-E504-414D-9D98-14CCE85DA77C}.Debug|x86.Build.0 = Debug|Any CPU
		{75B245F9-E504-414D-9D98-14CCE85DA77C}.Release|Any CPU.ActiveCfg = Release|Any CPU
		{75B245F9-E504-414D-9D98-14CCE85DA77C}.Release|Any CPU.Build.0 = Release|Any CPU
		{75B245F9-E504-414D-9D98-14CCE85DA77C}.Release|x64.ActiveCfg = Release|Any CPU
		{75B245F9-E504-414D-9D98-14CCE85DA77C}.Release|x64.Build.0 = Release|Any CPU
		{75B245F9-E504-414D-9D98-14CCE85DA77C}.Release|x86.ActiveCfg = Release|Any CPU
		{75B245F9-E504-414D-9D98-14CCE85DA77C}.Release|x86.Build.0 = Release|Any CPU
	EndGlobalSection
	GlobalSection(SolutionProperties) = preSolution
		HideSolutionNode = FALSE
	EndGlobalSection
	GlobalSection(ExtensibilityGlobals) = postSolution
		SolutionGuid = {AA229016-DB41-499F-AA3D-1514DEBCD9FD}
	EndGlobalSection
EndGlobal
